
Microsoft Visual Studio Solution File, Format Version 12.00
# Visual Studio Version 17
VisualStudioVersion = 17.0.31903.59
MinimumVisualStudioVersion = 10.0.40219.1
Project("{FAE04EC0-301F-11D3-BF4B-00C04F79EFBC}") = "Dima.Core", "Dima.Core\Dima.Core.csproj", "{8F4DCFA2-7ECD-403E-AA19-BA04A6D1352C}"
EndProject
Global
	GlobalSection(SolutionConfigurationPlatforms) = preSolution
		Debug|Any CPU = Debug|Any CPU
		Release|Any CPU = Release|Any CPU
	EndGlobalSection
	GlobalSection(SolutionProperties) = preSolution
		HideSolutionNode = FALSE
	EndGlobalSection
	GlobalSection(ProjectConfigurationPlatforms) = postSolution
		{8F4DCFA2-7ECD-403E-AA19-BA04A6D1352C}.Debug|Any CPU.ActiveCfg = Debug|Any CPU
		{8F4DCFA2-7ECD-403E-AA19-BA04A6D1352C}.Debug|Any CPU.Build.0 = Debug|Any CPU
		{8F4DCFA2-7ECD-403E-AA19-BA04A6D1352C}.Release|Any CPU.ActiveCfg = Release|Any CPU
		{8F4DCFA2-7ECD-403E-AA19-BA04A6D1352C}.Release|Any CPU.Build.0 = Release|Any CPU
	EndGlobalSection
EndGlobal
